// !$*UTF8*$!
{
	archiveVersion = 1;
	classes = {
	};
	objectVersion = 54;
	objects = {

/* Begin PBXBuildFile section */
        A26100500000000000000001 /* KeyboardLayoutUITests.swift in Sources */ = {isa = PBXBuildFile; fileRef = A26100500000000000000002 /* KeyboardLayoutUITests.swift */; };
        F26010050000000000001601 /* SpendingExplorationTests.swift in Sources */ = {isa = PBXBuildFile; fileRef = F26010050000000000001611; };
        F26010050000000000001401 /* RemoteReceiptInference.swift in Sources */ = {isa = PBXBuildFile; fileRef = F26010050000000000001411; };
        F26010050000000000001501 /* GlassReflectionMotion.swift in Sources */ = {isa = PBXBuildFile; fileRef = F26010050000000000001511; };
        F26010050000000000001402 /* RemoteTransactionReviewView.swift in Sources */ = {isa = PBXBuildFile; fileRef = F26010050000000000001412; };
        F26010050000000000001403 /* RemoteReceiptInferenceTests.swift in Sources */ = {isa = PBXBuildFile; fileRef = F26010050000000000001413; };
        F26010050000000000001304 /* SpendingClassificationSafetyTests.swift in Sources */ = {isa = PBXBuildFile; fileRef = F26010050000000000001314; };
        F26010050000000000001301 /* SpendingClassification.swift in Sources */ = {isa = PBXBuildFile; fileRef = F26010050000000000001311; };
        F26010050000000000001302 /* ClassificationSettingsView.swift in Sources */ = {isa = PBXBuildFile; fileRef = F26010050000000000001312; };
        F26010050000000000001303 /* SpendingClassificationTests.swift in Sources */ = {isa = PBXBuildFile; fileRef = F26010050000000000001313; };
        F26010050000000000001201 /* SpendingChatHistory.swift in Sources */ = {isa = PBXBuildFile; fileRef = F26010050000000000001211; };
        F26010050000000000001202 /* SpendingChatHistoryView.swift in Sources */ = {isa = PBXBuildFile; fileRef = F26010050000000000001212; };
        F26010050000000000001203 /* SpendingChatHistoryTests.swift in Sources */ = {isa = PBXBuildFile; fileRef = F26010050000000000001213; };
        F26010050000000000001105 /* OpenRouterSpendingTests.swift in Sources */ = {isa = PBXBuildFile; fileRef = F26010050000000000001115; };
        F26010050000000000001104 /* OpenRouterClientTests.swift in Sources */ = {isa = PBXBuildFile; fileRef = F26010050000000000001114; };
        F26010050000000000001103 /* AISettingsView.swift in Sources */ = {isa = PBXBuildFile; fileRef = F26010050000000000001113; };
        F26010050000000000001102 /* OpenRouterSettings.swift in Sources */ = {isa = PBXBuildFile; fileRef = F26010050000000000001112; };
        F26010050000000000001101 /* OpenRouterClient.swift in Sources */ = {isa = PBXBuildFile; fileRef = F26010050000000000001111; };
        F26010050000000000001001 /* icon.icon in Resources */ = {isa = PBXBuildFile; fileRef = F26010050000000000001011; };
        F26010050000000000000901 /* SummaryCardLayoutTests.swift in Sources */ = {isa = PBXBuildFile; fileRef = F26010050000000000000911; };
        E26010050000000000000801 /* CurrencyPickerView.swift in Sources */ = {isa = PBXBuildFile; fileRef = E26010050000000000000811; };
        E26010050000000000000802 /* CurrencyPickerTests.swift in Sources */ = {isa = PBXBuildFile; fileRef = E26010050000000000000812; };
        E26010040000000000000701 /* ExpenseChrome.swift in Sources */ = {isa = PBXBuildFile; fileRef = E26010040000000000000711; };
        D26010040000000000000601 /* InsightsAnalytics.swift in Sources */ = {isa = PBXBuildFile; fileRef = D26010040000000000000611; };
        D26010040000000000000602 /* InsightsView.swift in Sources */ = {isa = PBXBuildFile; fileRef = D26010040000000000000612; };
        D26010040000000000000603 /* InsightsAnalyticsTests.swift in Sources */ = {isa = PBXBuildFile; fileRef = D26010040000000000000613; };
        C26010040000000000000501 /* CategoryCatalog.swift in Sources */ = {isa = PBXBuildFile; fileRef = C26010040000000000000511; };
        C26010040000000000000502 /* CategorySettingsView.swift in Sources */ = {isa = PBXBuildFile; fileRef = C26010040000000000000512; };
        C26010040000000000000503 /* CategoryCatalogTests.swift in Sources */ = {isa = PBXBuildFile; fileRef = C26010040000000000000513; };
        B26010040000000000000401 /* LedgerRecord.swift in Sources */ = {isa = PBXBuildFile; fileRef = B26010040000000000000411; };
        B26010040000000000000402 /* LedgerMutationService.swift in Sources */ = {isa = PBXBuildFile; fileRef = B26010040000000000000412; };
        B26010040000000000000403 /* LedgerBackupService.swift in Sources */ = {isa = PBXBuildFile; fileRef = B26010040000000000000413; };
        B26010040000000000000404 /* BackupRestoreView.swift in Sources */ = {isa = PBXBuildFile; fileRef = B26010040000000000000414; };
        B26010040000000000000405 /* TransactionHistoryView.swift in Sources */ = {isa = PBXBuildFile; fileRef = B26010040000000000000415; };
        B26010040000000000000406 /* TransactionHistoryFilter.swift in Sources */ = {isa = PBXBuildFile; fileRef = B26010040000000000000416; };
        B26010040000000000000407 /* LedgerBackupTests.swift in Sources */ = {isa = PBXBuildFile; fileRef = B26010040000000000000417; };
        B26010040000000000000408 /* LedgerMutationTests.swift in Sources */ = {isa = PBXBuildFile; fileRef = B26010040000000000000418; };
        B26010040000000000000409 /* TransactionHistoryFilterTests.swift in Sources */ = {isa = PBXBuildFile; fileRef = B26010040000000000000419; };
        A26010040000000000000301 /* OwnerLedgerMigrationTests.swift in Sources */ = {isa = PBXBuildFile; fileRef = A26010040000000000000311; };
        A26010040000000000000201 /* ReceiptInterpreter.swift in Sources */ = {isa = PBXBuildFile; fileRef = A26010040000000000000211; };
        A26010040000000000000202 /* ReceiptEvidenceValidator.swift in Sources */ = {isa = PBXBuildFile; fileRef = A26010040000000000000212; };
        A26010040000000000000203 /* ReceiptEvidenceValidatorTests.swift in Sources */ = {isa = PBXBuildFile; fileRef = A26010040000000000000213; };
        A26010040000000000000101 /* ReceiptParser.swift in Sources */ = {isa = PBXBuildFile; fileRef = A26010040000000000000111; };
        A26010040000000000000102 /* ReceiptScanner.swift in Sources */ = {isa = PBXBuildFile; fileRef = A26010040000000000000112; };
        A26010040000000000000103 /* ReceiptImportView.swift in Sources */ = {isa = PBXBuildFile; fileRef = A26010040000000000000113; };
        A26010040000000000000104 /* ReceiptParserTests.swift in Sources */ = {isa = PBXBuildFile; fileRef = A26010040000000000000114; };
        F26010040000000000000001 /* CurrencySupportTests.swift in Sources */ = {isa = PBXBuildFile; fileRef = F26010040000000000000011 /* CurrencySupportTests.swift */; };
        F26010040000000000000002 /* ExchangeRateServiceTests.swift in Sources */ = {isa = PBXBuildFile; fileRef = F26010040000000000000012 /* ExchangeRateServiceTests.swift */; };
        E26010040000000000000004 /* CurrencySupport.swift in Sources */ = {isa = PBXBuildFile; fileRef = E26010040000000000000014 /* CurrencySupport.swift */; };
        E26010040000000000000005 /* ExchangeRateService.swift in Sources */ = {isa = PBXBuildFile; fileRef = E26010040000000000000015 /* ExchangeRateService.swift */; };
        E26010040000000000000001 /* SpendingChatView.swift in Sources */ = {isa = PBXBuildFile; fileRef = E26010040000000000000011 /* SpendingChatView.swift */; };
        E26010040000000000000002 /* SpendingChatModel.swift in Sources */ = {isa = PBXBuildFile; fileRef = E26010040000000000000012 /* SpendingChatModel.swift */; };
        E26010040000000000000003 /* SpendingDataStore.swift in Sources */ = {isa = PBXBuildFile; fileRef = E26010040000000000000013 /* SpendingDataStore.swift */; };
		736C720A25CFD89900720DEA /* empty-face.json in Resources */ = {isa = PBXBuildFile; fileRef = 736C720925CFD89900720DEA /* empty-face.json */; };
		738B1C1825C65DFE0067407B /* ExpensoApp.swift in Sources */ = {isa = PBXBuildFile; fileRef = 738B1C1725C65DFE0067407B /* ExpensoApp.swift */; };
		738B1C1C25C65E060067407B /* Assets.xcassets in Resources */ = {isa = PBXBuildFile; fileRef = 738B1C1B25C65E060067407B /* Assets.xcassets */; };
		738B1C1F25C65E060067407B /* Preview Assets.xcassets in Resources */ = {isa = PBXBuildFile; fileRef = 738B1C1E25C65E060067407B /* Preview Assets.xcassets */; };
		738B1C2425C65E060067407B /* Expenso.xcdatamodeld in Sources */ = {isa = PBXBuildFile; fileRef = 738B1C2225C65E060067407B /* Expenso.xcdatamodeld */; };
		738B1C2F25C65EF70067407B /* Configs.swift in Sources */ = {isa = PBXBuildFile; fileRef = 738B1C2E25C65EF70067407B /* Configs.swift */; };
		738B1C3325C660140067407B /* ExpenseCD.swift in Sources */ = {isa = PBXBuildFile; fileRef = 738B1C3225C660140067407B /* ExpenseCD.swift */; };
		738B1C3825C661750067407B /* ExpenseView.swift in Sources */ = {isa = PBXBuildFile; fileRef = 738B1C3725C661750067407B /* ExpenseView.swift */; };
		738B1C3C25C662580067407B /* Models.swift in Sources */ = {isa = PBXBuildFile; fileRef = 738B1C3B25C662580067407B /* Models.swift */; };
		738B1C4025C662890067407B /* InterFontModifier.swift in Sources */ = {isa = PBXBuildFile; fileRef = 738B1C3F25C662890067407B /* InterFontModifier.swift */; };
		738B1C4325C6629D0067407B /* ColorExtension.swift in Sources */ = {isa = PBXBuildFile; fileRef = 738B1C4225C6629C0067407B /* ColorExtension.swift */; };
		738B1C4625C662D90067407B /* TextView.swift in Sources */ = {isa = PBXBuildFile; fileRef = 738B1C4525C662D90067407B /* TextView.swift */; };
		738B1C4925C662F20067407B /* DropdownButton.swift in Sources */ = {isa = PBXBuildFile; fileRef = 738B1C4825C662F20067407B /* DropdownButton.swift */; };
		738B1C4C25C663060067407B /* DismissKeyboard.swift in Sources */ = {isa = PBXBuildFile; fileRef = 738B1C4B25C663060067407B /* DismissKeyboard.swift */; };
		738B1C4F25C663180067407B /* DateExtension.swift in Sources */ = {isa = PBXBuildFile; fileRef = 738B1C4E25C663180067407B /* DateExtension.swift */; };
		738B1C5225C6632F0067407B /* HelperMethods.swift in Sources */ = {isa = PBXBuildFile; fileRef = 738B1C5125C6632F0067407B /* HelperMethods.swift */; };
		738B1C5F25C671A80067407B /* Inter-ExtraLight.ttf in Resources */ = {isa = PBXBuildFile; fileRef = 738B1C5525C671A70067407B /* Inter-ExtraLight.ttf */; };
		738B1C6025C671A80067407B /* Inter-Black.ttf in Resources */ = {isa = PBXBuildFile; fileRef = 738B1C5625C671A70067407B /* Inter-Black.ttf */; };
		738B1C6125C671A80067407B /* Inter-Medium.ttf in Resources */ = {isa = PBXBuildFile; fileRef = 738B1C5725C671A80067407B /* Inter-Medium.ttf */; };
		738B1C6225C671A80067407B /* Inter-SemiBold.ttf in Resources */ = {isa = PBXBuildFile; fileRef = 738B1C5825C671A80067407B /* Inter-SemiBold.ttf */; };
		738B1C6325C671A80067407B /* Inter-Bold.ttf in Resources */ = {isa = PBXBuildFile; fileRef = 738B1C5925C671A80067407B /* Inter-Bold.ttf */; };
		738B1C6425C671A80067407B /* OFL.txt in Resources */ = {isa = PBXBuildFile; fileRef = 738B1C5A25C671A80067407B /* OFL.txt */; };
		738B1C6525C671A80067407B /* Inter-ExtraBold.ttf in Resources */ = {isa = PBXBuildFile; fileRef = 738B1C5B25C671A80067407B /* Inter-ExtraBold.ttf */; };
		738B1C6625C671A80067407B /* Inter-Light.ttf in Resources */ = {isa = PBXBuildFile; fileRef = 738B1C5C25C671A80067407B /* Inter-Light.ttf */; };
		738B1C6725C671A80067407B /* Inter-Thin.ttf in Resources */ = {isa = PBXBuildFile; fileRef = 738B1C5D25C671A80067407B /* Inter-Thin.ttf */; };
		738B1C6825C671A80067407B /* Inter-Regular.ttf in Resources */ = {isa = PBXBuildFile; fileRef = 738B1C5E25C671A80067407B /* Inter-Regular.ttf */; };
		738B1C6C25C673FC0067407B /* ExpenseCSVModel.swift in Sources */ = {isa = PBXBuildFile; fileRef = 738B1C6B25C673FC0067407B /* ExpenseCSVModel.swift */; };
		738B1C7025C674120067407B /* ExpenseSettingsViewModel.swift in Sources */ = {isa = PBXBuildFile; fileRef = 738B1C6F25C674120067407B /* ExpenseSettingsViewModel.swift */; };
		738B1C7325C674320067407B /* ExpenseSettingsView.swift in Sources */ = {isa = PBXBuildFile; fileRef = 738B1C7225C674320067407B /* ExpenseSettingsView.swift */; };
		738B1C7725C675200067407B /* AddExpenseView.swift in Sources */ = {isa = PBXBuildFile; fileRef = 738B1C7625C675200067407B /* AddExpenseView.swift */; };
		738B1C7B25C6752E0067407B /* AddExpenseViewModel.swift in Sources */ = {isa = PBXBuildFile; fileRef = 738B1C7A25C6752E0067407B /* AddExpenseViewModel.swift */; };
		738B1C8025C6763E0067407B /* ExpenseDetailedView.swift in Sources */ = {isa = PBXBuildFile; fileRef = 738B1C7F25C6763E0067407B /* ExpenseDetailedView.swift */; };
		738B1C8425C6764B0067407B /* ExpenseDetailedViewModel.swift in Sources */ = {isa = PBXBuildFile; fileRef = 738B1C8325C6764B0067407B /* ExpenseDetailedViewModel.swift */; };
		738B1C8B25C67D880067407B /* ExpenseFilterView.swift in Sources */ = {isa = PBXBuildFile; fileRef = 738B1C8A25C67D880067407B /* ExpenseFilterView.swift */; };
		738B1C9025C680D20067407B /* AboutView.swift in Sources */ = {isa = PBXBuildFile; fileRef = 738B1C8F25C680D20067407B /* AboutView.swift */; };
		73998C5525DA5578007D735B /* AttachmentHandler.swift in Sources */ = {isa = PBXBuildFile; fileRef = 73998C5425DA5578007D735B /* AttachmentHandler.swift */; };
		739DFF7B25DC1E3C005BD5C8 /* AuthenticateView.swift in Sources */ = {isa = PBXBuildFile; fileRef = 739DFF7A25DC1E3C005BD5C8 /* AuthenticateView.swift */; };
		73E688DA25FF32790000462A /* ChartView.swift in Sources */ = {isa = PBXBuildFile; fileRef = 73E688D925FF32790000462A /* ChartView.swift */; };
		753CBDD325F36864005762B8 /* BiometricAuthUtility.swift in Sources */ = {isa = PBXBuildFile; fileRef = 753CBDD225F36864005762B8 /* BiometricAuthUtility.swift */; };
		75C6B48025F37FD20079BCFC /* AuthenticationViewModel.swift in Sources */ = {isa = PBXBuildFile; fileRef = 75C6B47F25F37FD20079BCFC /* AuthenticationViewModel.swift */; };
		AE27EE502CEDFADA00D64ABD /* BackgroundFrame.swift in Sources */ = {isa = PBXBuildFile; fileRef = AE27EE4F2CEDFACD00D64ABD /* BackgroundFrame.swift */; };
		AE27EE522CEDFEB600D64ABD /* CapsuleButtonStyle.swift in Sources */ = {isa = PBXBuildFile; fileRef = AE27EE512CEDFEB400D64ABD /* CapsuleButtonStyle.swift */; };
		AE4EB3D42D08917700F5A1EF /* FluidGradient in Frameworks */ = {isa = PBXBuildFile; productRef = AE4EB3D32D08917700F5A1EF /* FluidGradient */; };
		AE4EB3D72D0A8E2C00F5A1EF /* HapticService.swift in Sources */ = {isa = PBXBuildFile; fileRef = AE4EB3D62D0A8E2400F5A1EF /* HapticService.swift */; };
		AEEF1D7D2CEDE2330059F63B /* Pow in Frameworks */ = {isa = PBXBuildFile; productRef = AEEF1D7C2CEDE2330059F63B /* Pow */; };
		AEEF1D802CEDE7CC0059F63B /* Lottie in Frameworks */ = {isa = PBXBuildFile; productRef = AEEF1D7F2CEDE7CC0059F63B /* Lottie */; };
		AEEF1D882CEDECEF0059F63B /* Lottie in Frameworks */ = {isa = PBXBuildFile; productRef = AEEF1D872CEDECEF0059F63B /* Lottie */; };
		AEEF1D8B2CEDEDD00059F63B /* ExtraLottie in Frameworks */ = {isa = PBXBuildFile; productRef = AEEF1D8A2CEDEDD00059F63B /* ExtraLottie */; };
/* End PBXBuildFile section */

/* Begin PBXContainerItemProxy section */
        A26100500000000000000003 /* UI Test Target Proxy */ = {isa = PBXContainerItemProxy; containerPortal = 738B1C0C25C65DFE0067407B /* Project object */; proxyType = 1; remoteGlobalIDString = 738B1C1325C65DFE0067407B; remoteInfo = Expenso; };
        F26010040000000000000031 /* PBXContainerItemProxy */ = {
            isa = PBXContainerItemProxy;
            containerPortal = 738B1C0C25C65DFE0067407B /* Project object */;
            proxyType = 1;
            remoteGlobalIDString = 738B1C1325C65DFE0067407B;
            remoteInfo = Expenso;
        };
/* End PBXContainerItemProxy section */

/* Begin PBXCopyFilesBuildPhase section */
		AEEF1D9A2CEDF0730059F63B /* Embed Frameworks */ = {
			isa = PBXCopyFilesBuildPhase;
			buildActionMask = 2147483647;
			dstPath = "";
			dstSubfolderSpec = 10;
			files = (
			);
			name = "Embed Frameworks";
			runOnlyForDeploymentPostprocessing = 0;
		};
/* End PBXCopyFilesBuildPhase section */

/* Begin PBXFileReference section */
        A26100500000000000000002 /* KeyboardLayoutUITests.swift */ = {isa = PBXFileReference; lastKnownFileType = sourcecode.swift; path = KeyboardLayoutUITests.swift; sourceTree = "<group>"; };
        A26100500000000000000004 /* ExpensoUITests.xctest */ = {isa = PBXFileReference; explicitFileType = wrapper.cfbundle; includeInIndex = 0; path = ExpensoUITests.xctest; sourceTree = BUILT_PRODUCTS_DIR; };
        F26010050000000000001611 /* SpendingExplorationTests.swift */ = {isa = PBXFileReference; lastKnownFileType = sourcecode.swift; path = SpendingExplorationTests.swift; sourceTree = "<group>"; };
        F26010050000000000001411 /* RemoteReceiptInference.swift */ = {isa = PBXFileReference; lastKnownFileType = sourcecode.swift; path = RemoteReceiptInference.swift; sourceTree = "<group>"; };
        F26010050000000000001511 /* GlassReflectionMotion.swift */ = {isa = PBXFileReference; lastKnownFileType = sourcecode.swift; path = GlassReflectionMotion.swift; sourceTree = "<group>"; };
        F26010050000000000001412 /* RemoteTransactionReviewView.swift */ = {isa = PBXFileReference; lastKnownFileType = sourcecode.swift; path = RemoteTransactionReviewView.swift; sourceTree = "<group>"; };
        F26010050000000000001413 /* RemoteReceiptInferenceTests.swift */ = {isa = PBXFileReference; lastKnownFileType = sourcecode.swift; path = RemoteReceiptInferenceTests.swift; sourceTree = "<group>"; };
        F26010050000000000001314 /* SpendingClassificationSafetyTests.swift */ = {isa = PBXFileReference; lastKnownFileType = sourcecode.swift; path = SpendingClassificationSafetyTests.swift; sourceTree = "<group>"; };
        F26010050000000000001311 /* SpendingClassification.swift */ = {isa = PBXFileReference; lastKnownFileType = sourcecode.swift; path = SpendingClassification.swift; sourceTree = "<group>"; };
        F26010050000000000001312 /* ClassificationSettingsView.swift */ = {isa = PBXFileReference; lastKnownFileType = sourcecode.swift; path = ClassificationSettingsView.swift; sourceTree = "<group>"; };
        F26010050000000000001313 /* SpendingClassificationTests.swift */ = {isa = PBXFileReference; lastKnownFileType = sourcecode.swift; path = SpendingClassificationTests.swift; sourceTree = "<group>"; };
        F26010050000000000001211 /* SpendingChatHistory.swift */ = {isa = PBXFileReference; lastKnownFileType = sourcecode.swift; path = SpendingChatHistory.swift; sourceTree = "<group>"; };
        F26010050000000000001212 /* SpendingChatHistoryView.swift */ = {isa = PBXFileReference; lastKnownFileType = sourcecode.swift; path = SpendingChatHistoryView.swift; sourceTree = "<group>"; };
        F26010050000000000001213 /* SpendingChatHistoryTests.swift */ = {isa = PBXFileReference; lastKnownFileType = sourcecode.swift; path = SpendingChatHistoryTests.swift; sourceTree = "<group>"; };
        F26010050000000000001115 /* OpenRouterSpendingTests.swift */ = {isa = PBXFileReference; lastKnownFileType = sourcecode.swift; path = OpenRouterSpendingTests.swift; sourceTree = "<group>"; };
        F26010050000000000001114 /* OpenRouterClientTests.swift */ = {isa = PBXFileReference; lastKnownFileType = sourcecode.swift; path = OpenRouterClientTests.swift; sourceTree = "<group>"; };
        F26010050000000000001113 /* AISettingsView.swift */ = {isa = PBXFileReference; lastKnownFileType = sourcecode.swift; path = AISettingsView.swift; sourceTree = "<group>"; };
        F26010050000000000001112 /* OpenRouterSettings.swift */ = {isa = PBXFileReference; lastKnownFileType = sourcecode.swift; path = OpenRouterSettings.swift; sourceTree = "<group>"; };
        F26010050000000000001111 /* OpenRouterClient.swift */ = {isa = PBXFileReference; lastKnownFileType = sourcecode.swift; path = OpenRouterClient.swift; sourceTree = "<group>"; };
        F26010050000000000001011 /* icon.icon */ = {isa = PBXFileReference; lastKnownFileType = folder.iconcomposer.icon; name = icon.icon; path = ../Marketing/icon.icon; sourceTree = "<group>"; };
        F26010050000000000000911 /* SummaryCardLayoutTests.swift */ = {isa = PBXFileReference; lastKnownFileType = sourcecode.swift; path = SummaryCardLayoutTests.swift; sourceTree = "<group>"; };
        E26010050000000000000811 /* CurrencyPickerView.swift */ = {isa = PBXFileReference; lastKnownFileType = sourcecode.swift; path = CurrencyPickerView.swift; sourceTree = "<group>"; };
        E26010050000000000000812 /* CurrencyPickerTests.swift */ = {isa = PBXFileReference; lastKnownFileType = sourcecode.swift; path = CurrencyPickerTests.swift; sourceTree = "<group>"; };
        E26010040000000000000711 /* ExpenseChrome.swift */ = {isa = PBXFileReference; lastKnownFileType = sourcecode.swift; path = ExpenseChrome.swift; sourceTree = "<group>"; };
        D26010040000000000000611 /* InsightsAnalytics.swift */ = {isa = PBXFileReference; lastKnownFileType = sourcecode.swift; path = InsightsAnalytics.swift; sourceTree = "<group>"; };
        D26010040000000000000612 /* InsightsView.swift */ = {isa = PBXFileReference; lastKnownFileType = sourcecode.swift; path = InsightsView.swift; sourceTree = "<group>"; };
        D26010040000000000000613 /* InsightsAnalyticsTests.swift */ = {isa = PBXFileReference; lastKnownFileType = sourcecode.swift; path = InsightsAnalyticsTests.swift; sourceTree = "<group>"; };
        C26010040000000000000511 /* CategoryCatalog.swift */ = {isa = PBXFileReference; lastKnownFileType = sourcecode.swift; path = CategoryCatalog.swift; sourceTree = "<group>"; };
        C26010040000000000000512 /* CategorySettingsView.swift */ = {isa = PBXFileReference; lastKnownFileType = sourcecode.swift; path = CategorySettingsView.swift; sourceTree = "<group>"; };
        C26010040000000000000513 /* CategoryCatalogTests.swift */ = {isa = PBXFileReference; lastKnownFileType = sourcecode.swift; path = CategoryCatalogTests.swift; sourceTree = "<group>"; };
        B26010040000000000000411 /* LedgerRecord.swift */ = {isa = PBXFileReference; lastKnownFileType = sourcecode.swift; path = LedgerRecord.swift; sourceTree = "<group>"; };
        B26010040000000000000412 /* LedgerMutationService.swift */ = {isa = PBXFileReference; lastKnownFileType = sourcecode.swift; path = LedgerMutationService.swift; sourceTree = "<group>"; };
        B26010040000000000000413 /* LedgerBackupService.swift */ = {isa = PBXFileReference; lastKnownFileType = sourcecode.swift; path = LedgerBackupService.swift; sourceTree = "<group>"; };
        B26010040000000000000414 /* BackupRestoreView.swift */ = {isa = PBXFileReference; lastKnownFileType = sourcecode.swift; path = BackupRestoreView.swift; sourceTree = "<group>"; };
        B26010040000000000000415 /* TransactionHistoryView.swift */ = {isa = PBXFileReference; lastKnownFileType = sourcecode.swift; path = TransactionHistoryView.swift; sourceTree = "<group>"; };
        B26010040000000000000416 /* TransactionHistoryFilter.swift */ = {isa = PBXFileReference; lastKnownFileType = sourcecode.swift; path = TransactionHistoryFilter.swift; sourceTree = "<group>"; };
        B26010040000000000000417 /* LedgerBackupTests.swift */ = {isa = PBXFileReference; lastKnownFileType = sourcecode.swift; path = LedgerBackupTests.swift; sourceTree = "<group>"; };
        B26010040000000000000418 /* LedgerMutationTests.swift */ = {isa = PBXFileReference; lastKnownFileType = sourcecode.swift; path = LedgerMutationTests.swift; sourceTree = "<group>"; };
        B26010040000000000000419 /* TransactionHistoryFilterTests.swift */ = {isa = PBXFileReference; lastKnownFileType = sourcecode.swift; path = TransactionHistoryFilterTests.swift; sourceTree = "<group>"; };
        A26010040000000000000311 /* OwnerLedgerMigrationTests.swift */ = {isa = PBXFileReference; lastKnownFileType = sourcecode.swift; path = OwnerLedgerMigrationTests.swift; sourceTree = "<group>"; };
        A26010040000000000000211 /* ReceiptInterpreter.swift */ = {isa = PBXFileReference; lastKnownFileType = sourcecode.swift; path = ReceiptInterpreter.swift; sourceTree = "<group>"; };
        A26010040000000000000212 /* ReceiptEvidenceValidator.swift */ = {isa = PBXFileReference; lastKnownFileType = sourcecode.swift; path = ReceiptEvidenceValidator.swift; sourceTree = "<group>"; };
        A26010040000000000000213 /* ReceiptEvidenceValidatorTests.swift */ = {isa = PBXFileReference; lastKnownFileType = sourcecode.swift; path = ReceiptEvidenceValidatorTests.swift; sourceTree = "<group>"; };
        A26010040000000000000111 /* ReceiptParser.swift */ = {isa = PBXFileReference; lastKnownFileType = sourcecode.swift; path = ReceiptParser.swift; sourceTree = "<group>"; };
        A26010040000000000000112 /* ReceiptScanner.swift */ = {isa = PBXFileReference; lastKnownFileType = sourcecode.swift; path = ReceiptScanner.swift; sourceTree = "<group>"; };
        A26010040000000000000113 /* ReceiptImportView.swift */ = {isa = PBXFileReference; lastKnownFileType = sourcecode.swift; path = ReceiptImportView.swift; sourceTree = "<group>"; };
        A26010040000000000000114 /* ReceiptParserTests.swift */ = {isa = PBXFileReference; lastKnownFileType = sourcecode.swift; path = ReceiptParserTests.swift; sourceTree = "<group>"; };
        F26010040000000000000011 /* CurrencySupportTests.swift */ = {isa = PBXFileReference; lastKnownFileType = sourcecode.swift; path = CurrencySupportTests.swift; sourceTree = "<group>"; };
        F26010040000000000000012 /* ExchangeRateServiceTests.swift */ = {isa = PBXFileReference; lastKnownFileType = sourcecode.swift; path = ExchangeRateServiceTests.swift; sourceTree = "<group>"; };
        F26010040000000000000013 /* ExpensoTests.xctest */ = {isa = PBXFileReference; explicitFileType = wrapper.cfbundle; includeInIndex = 0; path = ExpensoTests.xctest; sourceTree = BUILT_PRODUCTS_DIR; };
        E26010040000000000000014 /* CurrencySupport.swift */ = {isa = PBXFileReference; lastKnownFileType = sourcecode.swift; path = CurrencySupport.swift; sourceTree = "<group>"; };
        E26010040000000000000015 /* ExchangeRateService.swift */ = {isa = PBXFileReference; lastKnownFileType = sourcecode.swift; path = ExchangeRateService.swift; sourceTree = "<group>"; };
        E26010040000000000000016 /* ExpensoV2.xcdatamodel */ = {isa = PBXFileReference; lastKnownFileType = wrapper.xcdatamodel; path = ExpensoV2.xcdatamodel; sourceTree = "<group>"; };
        E26010040000000000000011 /* SpendingChatView.swift */ = {isa = PBXFileReference; lastKnownFileType = sourcecode.swift; path = SpendingChatView.swift; sourceTree = "<group>"; };
        E26010040000000000000012 /* SpendingChatModel.swift */ = {isa = PBXFileReference; lastKnownFileType = sourcecode.swift; path = SpendingChatModel.swift; sourceTree = "<group>"; };
        E26010040000000000000013 /* SpendingDataStore.swift */ = {isa = PBXFileReference; lastKnownFileType = sourcecode.swift; path = SpendingDataStore.swift; sourceTree = "<group>"; };
		736C720925CFD89900720DEA /* empty-face.json */ = {isa = PBXFileReference; fileEncoding = 4; lastKnownFileType = text.json; path = "empty-face.json"; sourceTree = "<group>"; };
		738B1C1425C65DFE0067407B /* Expenso.app */ = {isa = PBXFileReference; explicitFileType = wrapper.application; includeInIndex = 0; path = Expenso.app; sourceTree = BUILT_PRODUCTS_DIR; };
		738B1C1725C65DFE0067407B /* ExpensoApp.swift */ = {isa = PBXFileReference; lastKnownFileType = sourcecode.swift; path = ExpensoApp.swift; sourceTree = "<group>"; };
		738B1C1B25C65E060067407B /* Assets.xcassets */ = {isa = PBXFileReference; lastKnownFileType = folder.assetcatalog; path = Assets.xcassets; sourceTree = "<group>"; };
		738B1C1E25C65E060067407B /* Preview Assets.xcassets */ = {isa = PBXFileReference; lastKnownFileType = folder.assetcatalog; path = "Preview Assets.xcassets"; sourceTree = "<group>"; };
		738B1C2325C65E060067407B /* Expenso.xcdatamodel */ = {isa = PBXFileReference; lastKnownFileType = wrapper.xcdatamodel; path = Expenso.xcdatamodel; sourceTree = "<group>"; };
		738B1C2525C65E060067407B /* Info.plist */ = {isa = PBXFileReference; lastKnownFileType = text.plist.xml; path = Info.plist; sourceTree = "<group>"; };
		738B1C2E25C65EF70067407B /* Configs.swift */ = {isa = PBXFileReference; lastKnownFileType = sourcecode.swift; path = Configs.swift; sourceTree = "<group>"; };
		738B1C3225C660140067407B /* ExpenseCD.swift */ = {isa = PBXFileReference; lastKnownFileType = sourcecode.swift; path = ExpenseCD.swift; sourceTree = "<group>"; };
		738B1C3725C661750067407B /* ExpenseView.swift */ = {isa = PBXFileReference; lastKnownFileType = sourcecode.swift; path = ExpenseView.swift; sourceTree = "<group>"; };
		738B1C3B25C662580067407B /* Models.swift */ = {isa = PBXFileReference; lastKnownFileType = sourcecode.swift; path = Models.swift; sourceTree = "<group>"; };
		738B1C3F25C662890067407B /* InterFontModifier.swift */ = {isa = PBXFileReference; lastKnownFileType = sourcecode.swift; path = InterFontModifier.swift; sourceTree = "<group>"; };
		738B1C4225C6629C0067407B /* ColorExtension.swift */ = {isa = PBXFileReference; lastKnownFileType = sourcecode.swift; path = ColorExtension.swift; sourceTree = "<group>"; };
		738B1C4525C662D90067407B /* TextView.swift */ = {isa = PBXFileReference; lastKnownFileType = sourcecode.swift; path = TextView.swift; sourceTree = "<group>"; };
		738B1C4825C662F20067407B /* DropdownButton.swift */ = {isa = PBXFileReference; lastKnownFileType = sourcecode.swift; path = DropdownButton.swift; sourceTree = "<group>"; };
		738B1C4B25C663060067407B /* DismissKeyboard.swift */ = {isa = PBXFileReference; lastKnownFileType = sourcecode.swift; path = DismissKeyboard.swift; sourceTree = "<group>"; };
		738B1C4E25C663180067407B /* DateExtension.swift */ = {isa = PBXFileReference; lastKnownFileType = sourcecode.swift; path = DateExtension.swift; sourceTree = "<group>"; };
		738B1C5125C6632F0067407B /* HelperMethods.swift */ = {isa = PBXFileReference; lastKnownFileType = sourcecode.swift; path = HelperMethods.swift; sourceTree = "<group>"; };
		738B1C5525C671A70067407B /* Inter-ExtraLight.ttf */ = {isa = PBXFileReference; lastKnownFileType = file; path = "Inter-ExtraLight.ttf"; sourceTree = "<group>"; };
		738B1C5625C671A70067407B /* Inter-Black.ttf */ = {isa = PBXFileReference; lastKnownFileType = file; path = "Inter-Black.ttf"; sourceTree = "<group>"; };
		738B1C5725C671A80067407B /* Inter-Medium.ttf */ = {isa = PBXFileReference; lastKnownFileType = file; path = "Inter-Medium.ttf"; sourceTree = "<group>"; };
		738B1C5825C671A80067407B /* Inter-SemiBold.ttf */ = {isa = PBXFileReference; lastKnownFileType = file; path = "Inter-SemiBold.ttf"; sourceTree = "<group>"; };
		738B1C5925C671A80067407B /* Inter-Bold.ttf */ = {isa = PBXFileReference; lastKnownFileType = file; path = "Inter-Bold.ttf"; sourceTree = "<group>"; };
		738B1C5A25C671A80067407B /* OFL.txt */ = {isa = PBXFileReference; fileEncoding = 4; lastKnownFileType = text; path = OFL.txt; sourceTree = "<group>"; };
		738B1C5B25C671A80067407B /* Inter-ExtraBold.ttf */ = {isa = PBXFileReference; lastKnownFileType = file; path = "Inter-ExtraBold.ttf"; sourceTree = "<group>"; };
		738B1C5C25C671A80067407B /* Inter-Light.ttf */ = {isa = PBXFileReference; lastKnownFileType = file; path = "Inter-Light.ttf"; sourceTree = "<group>"; };
		738B1C5D25C671A80067407B /* Inter-Thin.ttf */ = {isa = PBXFileReference; lastKnownFileType = file; path = "Inter-Thin.ttf"; sourceTree = "<group>"; };
		738B1C5E25C671A80067407B /* Inter-Regular.ttf */ = {isa = PBXFileReference; lastKnownFileType = file; path = "Inter-Regular.ttf"; sourceTree = "<group>"; };
		738B1C6B25C673FC0067407B /* ExpenseCSVModel.swift */ = {isa = PBXFileReference; lastKnownFileType = sourcecode.swift; path = ExpenseCSVModel.swift; sourceTree = "<group>"; };
		738B1C6F25C674120067407B /* ExpenseSettingsViewModel.swift */ = {isa = PBXFileReference; lastKnownFileType = sourcecode.swift; path = ExpenseSettingsViewModel.swift; sourceTree = "<group>"; };
		738B1C7225C674320067407B /* ExpenseSettingsView.swift */ = {isa = PBXFileReference; lastKnownFileType = sourcecode.swift; path = ExpenseSettingsView.swift; sourceTree = "<group>"; };
		738B1C7625C675200067407B /* AddExpenseView.swift */ = {isa = PBXFileReference; lastKnownFileType = sourcecode.swift; path = AddExpenseView.swift; sourceTree = "<group>"; };
		738B1C7A25C6752E0067407B /* AddExpenseViewModel.swift */ = {isa = PBXFileReference; lastKnownFileType = sourcecode.swift; path = AddExpenseViewModel.swift; sourceTree = "<group>"; };
		738B1C7F25C6763E0067407B /* ExpenseDetailedView.swift */ = {isa = PBXFileReference; lastKnownFileType = sourcecode.swift; path = ExpenseDetailedView.swift; sourceTree = "<group>"; };
		738B1C8325C6764B0067407B /* ExpenseDetailedViewModel.swift */ = {isa = PBXFileReference; lastKnownFileType = sourcecode.swift; path = ExpenseDetailedViewModel.swift; sourceTree = "<group>"; };
		738B1C8A25C67D880067407B /* ExpenseFilterView.swift */ = {isa = PBXFileReference; lastKnownFileType = sourcecode.swift; path = ExpenseFilterView.swift; sourceTree = "<group>"; };
		738B1C8F25C680D20067407B /* AboutView.swift */ = {isa = PBXFileReference; lastKnownFileType = sourcecode.swift; path = AboutView.swift; sourceTree = "<group>"; };
		73998C5425DA5578007D735B /* AttachmentHandler.swift */ = {isa = PBXFileReference; lastKnownFileType = sourcecode.swift; path = AttachmentHandler.swift; sourceTree = "<group>"; };
		739DFF7A25DC1E3C005BD5C8 /* AuthenticateView.swift */ = {isa = PBXFileReference; lastKnownFileType = sourcecode.swift; path = AuthenticateView.swift; sourceTree = "<group>"; };
		73E688D925FF32790000462A /* ChartView.swift */ = {isa = PBXFileReference; lastKnownFileType = sourcecode.swift; path = ChartView.swift; sourceTree = "<group>"; };
		753CBDD225F36864005762B8 /* BiometricAuthUtility.swift */ = {isa = PBXFileReference; lastKnownFileType = sourcecode.swift; path = BiometricAuthUtility.swift; sourceTree = "<group>"; };
		75C6B47F25F37FD20079BCFC /* AuthenticationViewModel.swift */ = {isa = PBXFileReference; lastKnownFileType = sourcecode.swift; path = AuthenticationViewModel.swift; sourceTree = "<group>"; };
		AE27EE4F2CEDFACD00D64ABD /* BackgroundFrame.swift */ = {isa = PBXFileReference; lastKnownFileType = sourcecode.swift; path = BackgroundFrame.swift; sourceTree = "<group>"; };
		AE27EE512CEDFEB400D64ABD /* CapsuleButtonStyle.swift */ = {isa = PBXFileReference; lastKnownFileType = sourcecode.swift; path = CapsuleButtonStyle.swift; sourceTree = "<group>"; };
		AE4EB3D62D0A8E2400F5A1EF /* HapticService.swift */ = {isa = PBXFileReference; lastKnownFileType = sourcecode.swift; path = HapticService.swift; sourceTree = "<group>"; };
/* End PBXFileReference section */

/* Begin PBXFrameworksBuildPhase section */
        A26100500000000000000005 /* UI Frameworks */ = {isa = PBXFrameworksBuildPhase; buildActionMask = 2147483647; files = (); runOnlyForDeploymentPostprocessing = 0; };
        F26010040000000000000041 /* Frameworks */ = {isa = PBXFrameworksBuildPhase; buildActionMask = 2147483647; files = (); runOnlyForDeploymentPostprocessing = 0; };
		738B1C1125C65DFE0067407B /* Frameworks */ = {
			isa = PBXFrameworksBuildPhase;
			buildActionMask = 2147483647;
			files = (
				AEEF1D882CEDECEF0059F63B /* Lottie in Frameworks */,
				AE4EB3D42D08917700F5A1EF /* FluidGradient in Frameworks */,
				AEEF1D8B2CEDEDD00059F63B /* ExtraLottie in Frameworks */,
				AEEF1D7D2CEDE2330059F63B /* Pow in Frameworks */,
				AEEF1D802CEDE7CC0059F63B /* Lottie in Frameworks */,
			);
			runOnlyForDeploymentPostprocessing = 0;
		};
/* End PBXFrameworksBuildPhase section */

/* Begin PBXGroup section */
        A26100500000000000000006 /* ExpensoUITests */ = {isa = PBXGroup; children = (A26100500000000000000002 /* KeyboardLayoutUITests.swift */); path = ExpensoUITests; sourceTree = "<group>"; };
        D26010040000000000000620 /* Insights */ = {
            isa = PBXGroup;
            children = (D26010040000000000000612 /* InsightsView.swift */);
            path = Insights;
            sourceTree = "<group>";
        };
        F26010040000000000000020 /* ExpensoTests */ = {
            isa = PBXGroup;
            children = (F26010040000000000000011 /* CurrencySupportTests.swift */, F26010040000000000000012 /* ExchangeRateServiceTests.swift */, A26010040000000000000114 /* ReceiptParserTests.swift */, A26010040000000000000213 /* ReceiptEvidenceValidatorTests.swift */, A26010040000000000000311 /* OwnerLedgerMigrationTests.swift */, B26010040000000000000417 /* LedgerBackupTests.swift */, B26010040000000000000418 /* LedgerMutationTests.swift */, B26010040000000000000419 /* TransactionHistoryFilterTests.swift */, C26010040000000000000513 /* CategoryCatalogTests.swift */, D26010040000000000000613 /* InsightsAnalyticsTests.swift */, E26010050000000000000812 /* CurrencyPickerTests.swift */, F26010050000000000000911 /* SummaryCardLayoutTests.swift */, F26010050000000000001114 /* OpenRouterClientTests.swift */, F26010050000000000001115 /* OpenRouterSpendingTests.swift */, F26010050000000000001213 /* SpendingChatHistoryTests.swift */, F26010050000000000001313 /* SpendingClassificationTests.swift */, F26010050000000000001314 /* SpendingClassificationSafetyTests.swift */, F26010050000000000001413 /* RemoteReceiptInferenceTests.swift */, F26010050000000000001611 /* SpendingExplorationTests.swift */);
            path = ExpensoTests;
            sourceTree = "<group>";
        };
        E26010040000000000000020 /* SpendingChat */ = {
            isa = PBXGroup;
            children = (
                E26010040000000000000011 /* SpendingChatView.swift */,
                E26010040000000000000012 /* SpendingChatModel.swift */,
                F26010050000000000001212 /* SpendingChatHistoryView.swift */,
            );
            path = SpendingChat;
            sourceTree = "<group>";
        };
        B26010040000000000000420 /* History */ = {
            isa = PBXGroup;
            children = (B26010040000000000000415 /* TransactionHistoryView.swift */);
            path = History;
            sourceTree = "<group>";
        };
		733763A827120DB600AA983A /* Screens */ = {
			isa = PBXGroup;
			children = (
                E26010040000000000000020 /* SpendingChat */,
                B26010040000000000000420 /* History */,
                D26010040000000000000620 /* Insights */,
				739DFF7925DC1E23005BD5C8 /* Authenticate */,
				738B1C8E25C680C50067407B /* About */,
				738B1C8925C67D790067407B /* ExpenseFilter */,
				738B1C7D25C675FA0067407B /* ExpenseDetailed */,
				738B1C7525C6750F0067407B /* AddExpense */,
				738B1C6A25C673EB0067407B /* ExpenseSettings */,
				738B1C3625C661580067407B /* Expense */,
			);
			path = Screens;
			sourceTree = "<group>";
		};
		733763A927120DF300AA983A /* Resources */ = {
			isa = PBXGroup;
			children = (
				AE27EE532CEDFEBD00D64ABD /* Styles */,
				AE27EE4E2CEDFAC800D64ABD /* Modifiers */,
				736C720825CFD82900720DEA /* Animations */,
				738B1C5425C671680067407B /* Inter */,
			);
			path = Resources;
			sourceTree = "<group>";
		};
		733763AA27120E0500AA983A /* Library */ = {
			isa = PBXGroup;
			children = (
				AE4EB3D52D0A8E1E00F5A1EF /* Services */,
				75C6B48225F37FF60079BCFC /* Utilities */,
				738B1C3A25C662060067407B /* Helpers */,
				738B1C3125C660070067407B /* CoreData */,
			);
			path = Library;
			sourceTree = "<group>";
		};
		736C720825CFD82900720DEA /* Animations */ = {
			isa = PBXGroup;
			children = (
				736C720925CFD89900720DEA /* empty-face.json */,
			);
			path = Animations;
			sourceTree = "<group>";
		};
		738B1C0B25C65DFE0067407B = {
			isa = PBXGroup;
			children = (
				F26010040000000000000020 /* ExpensoTests */,
                A26100500000000000000006 /* ExpensoUITests */,
				738B1C1625C65DFE0067407B /* Expenso */,
				AEEF1D942CEDF0700059F63B /* Frameworks */,
				738B1C1525C65DFE0067407B /* Products */,
			);
			sourceTree = "<group>";
		};
		738B1C1525C65DFE0067407B /* Products */ = {
			isa = PBXGroup;
			children = (
				F26010040000000000000013 /* ExpensoTests.xctest */,
                A26100500000000000000004 /* ExpensoUITests.xctest */,
				738B1C1425C65DFE0067407B /* Expenso.app */,
			);
			name = Products;
			sourceTree = "<group>";
		};
		738B1C1625C65DFE0067407B /* Expenso */ = {
			isa = PBXGroup;
			children = (
                F26010050000000000001011 /* icon.icon */,
				733763AA27120E0500AA983A /* Library */,
				733763A927120DF300AA983A /* Resources */,
				733763A827120DB600AA983A /* Screens */,
				738B1C1725C65DFE0067407B /* ExpensoApp.swift */,
				738B1C1B25C65E060067407B /* Assets.xcassets */,
				738B1C2525C65E060067407B /* Info.plist */,
				738B1C2225C65E060067407B /* Expenso.xcdatamodeld */,
				738B1C1D25C65E060067407B /* Preview Content */,
				738B1C2E25C65EF70067407B /* Configs.swift */,
			);
			path = Expenso;
			sourceTree = "<group>";
		};
		738B1C1D25C65E060067407B /* Preview Content */ = {
			isa = PBXGroup;
			children = (
				738B1C1E25C65E060067407B /* Preview Assets.xcassets */,
			);
			path = "Preview Content";
			sourceTree = "<group>";
		};
		738B1C3125C660070067407B /* CoreData */ = {
			isa = PBXGroup;
			children = (
				738B1C3225C660140067407B /* ExpenseCD.swift */,
			);
			path = CoreData;
			sourceTree = "<group>";
		};
		738B1C3625C661580067407B /* Expense */ = {
			isa = PBXGroup;
			children = (
				738B1C3725C661750067407B /* ExpenseView.swift */,
			);
			path = Expense;
			sourceTree = "<group>";
		};
		738B1C3A25C662060067407B /* Helpers */ = {
			isa = PBXGroup;
			children = (
                E26010050000000000000811 /* CurrencyPickerView.swift */,
				738B1C3B25C662580067407B /* Models.swift */,
				738B1C3F25C662890067407B /* InterFontModifier.swift */,
				738B1C4225C6629C0067407B /* ColorExtension.swift */,
				738B1C4525C662D90067407B /* TextView.swift */,
				738B1C4825C662F20067407B /* DropdownButton.swift */,
				738B1C4B25C663060067407B /* DismissKeyboard.swift */,
				738B1C4E25C663180067407B /* DateExtension.swift */,
				738B1C5125C6632F0067407B /* HelperMethods.swift */,
				73998C5425DA5578007D735B /* AttachmentHandler.swift */,
				73E688D925FF32790000462A /* ChartView.swift */,
			);
			path = Helpers;
			sourceTree = "<group>";
		};
		738B1C5425C671680067407B /* Inter */ = {
			isa = PBXGroup;
			children = (
				738B1C5625C671A70067407B /* Inter-Black.ttf */,
				738B1C5925C671A80067407B /* Inter-Bold.ttf */,
				738B1C5B25C671A80067407B /* Inter-ExtraBold.ttf */,
				738B1C5525C671A70067407B /* Inter-ExtraLight.ttf */,
				738B1C5C25C671A80067407B /* Inter-Light.ttf */,
				738B1C5725C671A80067407B /* Inter-Medium.ttf */,
				738B1C5E25C671A80067407B /* Inter-Regular.ttf */,
				738B1C5825C671A80067407B /* Inter-SemiBold.ttf */,
				738B1C5D25C671A80067407B /* Inter-Thin.ttf */,
				738B1C5A25C671A80067407B /* OFL.txt */,
			);
			path = Inter;
			sourceTree = "<group>";
		};
		738B1C6A25C673EB0067407B /* ExpenseSettings */ = {
			isa = PBXGroup;
			children = (
				738B1C6B25C673FC0067407B /* ExpenseCSVModel.swift */,
				738B1C6F25C674120067407B /* ExpenseSettingsViewModel.swift */,
				738B1C7225C674320067407B /* ExpenseSettingsView.swift */,
                B26010040000000000000414 /* BackupRestoreView.swift */,
                C26010040000000000000512 /* CategorySettingsView.swift */,
                F26010050000000000001312 /* ClassificationSettingsView.swift */,
                F26010050000000000001113 /* AISettingsView.swift */,
			);
			path = ExpenseSettings;
			sourceTree = "<group>";
		};
		738B1C7525C6750F0067407B /* AddExpense */ = {
			isa = PBXGroup;
			children = (
				738B1C7625C675200067407B /* AddExpenseView.swift */,
				738B1C7A25C6752E0067407B /* AddExpenseViewModel.swift */,
                A26010040000000000000113 /* ReceiptImportView.swift */,
                F26010050000000000001412 /* RemoteTransactionReviewView.swift */,
			);
			path = AddExpense;
			sourceTree = "<group>";
		};
		738B1C7D25C675FA0067407B /* ExpenseDetailed */ = {
			isa = PBXGroup;
			children = (
				738B1C7F25C6763E0067407B /* ExpenseDetailedView.swift */,
				738B1C8325C6764B0067407B /* ExpenseDetailedViewModel.swift */,
			);
			path = ExpenseDetailed;
			sourceTree = "<group>";
		};
		738B1C8925C67D790067407B /* ExpenseFilter */ = {
			isa = PBXGroup;
			children = (
				738B1C8A25C67D880067407B /* ExpenseFilterView.swift */,
			);
			path = ExpenseFilter;
			sourceTree = "<group>";
		};
		738B1C8E25C680C50067407B /* About */ = {
			isa = PBXGroup;
			children = (
				738B1C8F25C680D20067407B /* AboutView.swift */,
			);
			path = About;
			sourceTree = "<group>";
		};
		739DFF7925DC1E23005BD5C8 /* Authenticate */ = {
			isa = PBXGroup;
			children = (
				739DFF7A25DC1E3C005BD5C8 /* AuthenticateView.swift */,
				75C6B47F25F37FD20079BCFC /* AuthenticationViewModel.swift */,
			);
			path = Authenticate;
			sourceTree = "<group>";
		};
		75C6B48225F37FF60079BCFC /* Utilities */ = {
			isa = PBXGroup;
			children = (
				753CBDD225F36864005762B8 /* BiometricAuthUtility.swift */,
			);
			path = Utilities;
			sourceTree = "<group>";
		};
		AE27EE4E2CEDFAC800D64ABD /* Modifiers */ = {
			isa = PBXGroup;
			children = (
				AE27EE4F2CEDFACD00D64ABD /* BackgroundFrame.swift */,
			);
			path = Modifiers;
			sourceTree = "<group>";
		};
		AE27EE532CEDFEBD00D64ABD /* Styles */ = {
			isa = PBXGroup;
			children = (
				AE27EE512CEDFEB400D64ABD /* CapsuleButtonStyle.swift */,
				E26010040000000000000711 /* ExpenseChrome.swift */,
			);
			path = Styles;
			sourceTree = "<group>";
		};
		AE4EB3D52D0A8E1E00F5A1EF /* Services */ = {
			isa = PBXGroup;
			children = (
                E26010040000000000000013 /* SpendingDataStore.swift */,
                B26010040000000000000411 /* LedgerRecord.swift */,
                C26010040000000000000511 /* CategoryCatalog.swift */,
                D26010040000000000000611 /* InsightsAnalytics.swift */,
                B26010040000000000000412 /* LedgerMutationService.swift */,
                B26010040000000000000413 /* LedgerBackupService.swift */,
                B26010040000000000000416 /* TransactionHistoryFilter.swift */,
                E26010040000000000000014 /* CurrencySupport.swift */,
                E26010040000000000000015 /* ExchangeRateService.swift */,
                F26010050000000000001112 /* OpenRouterSettings.swift */,
                F26010050000000000001211 /* SpendingChatHistory.swift */,
                F26010050000000000001311 /* SpendingClassification.swift */,
                F26010050000000000001411 /* RemoteReceiptInference.swift */,
                F26010050000000000001511 /* GlassReflectionMotion.swift */,
                F26010050000000000001111 /* OpenRouterClient.swift */,
                A26010040000000000000111 /* ReceiptParser.swift */,
                A26010040000000000000112 /* ReceiptScanner.swift */,
                A26010040000000000000211 /* ReceiptInterpreter.swift */,
                A26010040000000000000212 /* ReceiptEvidenceValidator.swift */,
				AE4EB3D62D0A8E2400F5A1EF /* HapticService.swift */,
			);
			path = Services;
			sourceTree = "<group>";
		};
		AEEF1D942CEDF0700059F63B /* Frameworks */ = {
			isa = PBXGroup;
			children = (
			);
			name = Frameworks;
			sourceTree = "<group>";
		};
/* End PBXGroup section */

/* Begin PBXNativeTarget section */
        A26100500000000000000007 /* ExpensoUITests */ = {
            isa = PBXNativeTarget;
            buildConfigurationList = A26100500000000000000008 /* UI Test Configurations */;
            buildPhases = (A26100500000000000000009 /* UI Sources */, A26100500000000000000005 /* UI Frameworks */, A26100500000000000000010 /* UI Resources */);
            buildRules = ();
            dependencies = (A26100500000000000000011 /* UI Test Dependency */);
            name = ExpensoUITests;
            productName = ExpensoUITests;
            productReference = A26100500000000000000004 /* ExpensoUITests.xctest */;
            productType = "com.apple.product-type.bundle.ui-testing";
        };
        F26010040000000000000030 /* ExpensoTests */ = {
            isa = PBXNativeTarget;
            buildConfigurationList = F26010040000000000000052 /* Build configuration list for PBXNativeTarget "ExpensoTests" */;
            buildPhases = (F26010040000000000000040 /* Sources */, F26010040000000000000041 /* Frameworks */, F26010040000000000000042 /* Resources */);
            buildRules = ();
            dependencies = (F26010040000000000000032 /* PBXTargetDependency */);
            name = ExpensoTests;
            productName = ExpensoTests;
            productReference = F26010040000000000000013 /* ExpensoTests.xctest */;
            productType = "com.apple.product-type.bundle.unit-test";
        };
		738B1C1325C65DFE0067407B /* Expenso */ = {
			isa = PBXNativeTarget;
			buildConfigurationList = 738B1C2825C65E060067407B /* Build configuration list for PBXNativeTarget "Expenso" */;
			buildPhases = (
				738B1C1025C65DFE0067407B /* Sources */,
				738B1C1125C65DFE0067407B /* Frameworks */,
				738B1C1225C65DFE0067407B /* Resources */,
				AEEF1D9A2CEDF0730059F63B /* Embed Frameworks */,
			);
			buildRules = (
			);
			dependencies = (
			);
			name = Expenso;
			productName = Expenso;
			productReference = 738B1C1425C65DFE0067407B /* Expenso.app */;
			productType = "com.apple.product-type.application";
		};
/* End PBXNativeTarget section */

/* Begin PBXProject section */
		738B1C0C25C65DFE0067407B /* Project object */ = {
			isa = PBXProject;
			attributes = {
				LastSwiftUpdateCheck = 1220;
				LastUpgradeCheck = 1220;
				TargetAttributes = {
                    A26100500000000000000007 = {CreatedOnToolsVersion = 27.0; TestTargetID = 738B1C1325C65DFE0067407B; };
                    F26010040000000000000030 = {CreatedOnToolsVersion = 27.0; TestTargetID = 738B1C1325C65DFE0067407B; };
					738B1C1325C65DFE0067407B = {
						CreatedOnToolsVersion = 12.2;
					};
				};
			};
			buildConfigurationList = 738B1C0F25C65DFE0067407B /* Build configuration list for PBXProject "Expenso" */;
			compatibilityVersion = "Xcode 9.3";
			developmentRegion = en;
			hasScannedForEncodings = 0;
			knownRegions = (
				en,
				Base,
			);
			mainGroup = 738B1C0B25C65DFE0067407B;
			packageReferences = (
				AEEF1D7B2CEDE2330059F63B /* XCRemoteSwiftPackageReference "Pow" */,
				AEEF1D892CEDEDD00059F63B /* XCRemoteSwiftPackageReference "ExtraLottie" */,
				AE4EB3D22D08917700F5A1EF /* XCRemoteSwiftPackageReference "FluidGradient" */,
			);
			productRefGroup = 738B1C1525C65DFE0067407B /* Products */;
			projectDirPath = "";
			projectRoot = "";
			targets = (
                A26100500000000000000007 /* ExpensoUITests */,
				F26010040000000000000030 /* ExpensoTests */,
				738B1C1325C65DFE0067407B /* Expenso */,
			);
		};
/* End PBXProject section */

/* Begin PBXResourcesBuildPhase section */
        A26100500000000000000010 /* UI Resources */ = {isa = PBXResourcesBuildPhase; buildActionMask = 2147483647; files = (); runOnlyForDeploymentPostprocessing = 0; };
        F26010040000000000000042 /* Resources */ = {isa = PBXResourcesBuildPhase; buildActionMask = 2147483647; files = (); runOnlyForDeploymentPostprocessing = 0; };
		738B1C1225C65DFE0067407B /* Resources */ = {
			isa = PBXResourcesBuildPhase;
			buildActionMask = 2147483647;
			files = (
                F26010050000000000001001 /* icon.icon in Resources */,
				736C720A25CFD89900720DEA /* empty-face.json in Resources */,
				738B1C6625C671A80067407B /* Inter-Light.ttf in Resources */,
				738B1C6225C671A80067407B /* Inter-SemiBold.ttf in Resources */,
				738B1C1F25C65E060067407B /* Preview Assets.xcassets in Resources */,
				738B1C6525C671A80067407B /* Inter-ExtraBold.ttf in Resources */,
				738B1C5F25C671A80067407B /* Inter-ExtraLight.ttf in Resources */,
				738B1C6725C671A80067407B /* Inter-Thin.ttf in Resources */,
				738B1C6325C671A80067407B /* Inter-Bold.ttf in Resources */,
				738B1C1C25C65E060067407B /* Assets.xcassets in Resources */,
				738B1C6125C671A80067407B /* Inter-Medium.ttf in Resources */,
				738B1C6425C671A80067407B /* OFL.txt in Resources */,
				738B1C6825C671A80067407B /* Inter-Regular.ttf in Resources */,
				738B1C6025C671A80067407B /* Inter-Black.ttf in Resources */,
			);
			runOnlyForDeploymentPostprocessing = 0;
		};
/* End PBXResourcesBuildPhase section */

/* Begin PBXSourcesBuildPhase section */
        A26100500000000000000009 /* UI Sources */ = {isa = PBXSourcesBuildPhase; buildActionMask = 2147483647; files = (A26100500000000000000001 /* KeyboardLayoutUITests.swift in Sources */); runOnlyForDeploymentPostprocessing = 0; };
        F26010040000000000000040 /* Sources */ = {
            isa = PBXSourcesBuildPhase;
            buildActionMask = 2147483647;
            files = (F26010040000000000000001 /* CurrencySupportTests.swift in Sources */, F26010040000000000000002 /* ExchangeRateServiceTests.swift in Sources */, A26010040000000000000104 /* ReceiptParserTests.swift in Sources */, A26010040000000000000203 /* ReceiptEvidenceValidatorTests.swift in Sources */, A26010040000000000000301 /* OwnerLedgerMigrationTests.swift in Sources */, B26010040000000000000407 /* LedgerBackupTests.swift in Sources */, B26010040000000000000408 /* LedgerMutationTests.swift in Sources */, B26010040000000000000409 /* TransactionHistoryFilterTests.swift in Sources */, C26010040000000000000503 /* CategoryCatalogTests.swift in Sources */, D26010040000000000000603 /* InsightsAnalyticsTests.swift in Sources */, E26010050000000000000802 /* CurrencyPickerTests.swift in Sources */, F26010050000000000000901 /* SummaryCardLayoutTests.swift in Sources */, F26010050000000000001104 /* OpenRouterClientTests.swift in Sources */, F26010050000000000001105 /* OpenRouterSpendingTests.swift in Sources */, F26010050000000000001203 /* SpendingChatHistoryTests.swift in Sources */, F26010050000000000001303 /* SpendingClassificationTests.swift in Sources */, F26010050000000000001304 /* SpendingClassificationSafetyTests.swift in Sources */, F26010050000000000001403 /* RemoteReceiptInferenceTests.swift in Sources */, F26010050000000000001601 /* SpendingExplorationTests.swift in Sources */);
            runOnlyForDeploymentPostprocessing = 0;
        };
		738B1C1025C65DFE0067407B /* Sources */ = {
			isa = PBXSourcesBuildPhase;
			buildActionMask = 2147483647;
			files = (
                E26010040000000000000001 /* SpendingChatView.swift in Sources */,
                B26010040000000000000401 /* LedgerRecord.swift in Sources */,
                C26010040000000000000501 /* CategoryCatalog.swift in Sources */,
                D26010040000000000000601 /* InsightsAnalytics.swift in Sources */,
                D26010040000000000000602 /* InsightsView.swift in Sources */,
                C26010040000000000000502 /* CategorySettingsView.swift in Sources */,
                B26010040000000000000402 /* LedgerMutationService.swift in Sources */,
                B26010040000000000000403 /* LedgerBackupService.swift in Sources */,
                B26010040000000000000404 /* BackupRestoreView.swift in Sources */,
                B26010040000000000000405 /* TransactionHistoryView.swift in Sources */,
                B26010040000000000000406 /* TransactionHistoryFilter.swift in Sources */,
                E26010040000000000000002 /* SpendingChatModel.swift in Sources */,
                F26010050000000000001103 /* AISettingsView.swift in Sources */,
                F26010050000000000001201 /* SpendingChatHistory.swift in Sources */,
                F26010050000000000001301 /* SpendingClassification.swift in Sources */,
                F26010050000000000001401 /* RemoteReceiptInference.swift in Sources */,
                F26010050000000000001501 /* GlassReflectionMotion.swift in Sources */,
                F26010050000000000001402 /* RemoteTransactionReviewView.swift in Sources */,
                F26010050000000000001302 /* ClassificationSettingsView.swift in Sources */,
                F26010050000000000001202 /* SpendingChatHistoryView.swift in Sources */,
                F26010050000000000001102 /* OpenRouterSettings.swift in Sources */,
                F26010050000000000001101 /* OpenRouterClient.swift in Sources */,
                E26010040000000000000003 /* SpendingDataStore.swift in Sources */,
                E26010040000000000000004 /* CurrencySupport.swift in Sources */,
                E26010050000000000000801 /* CurrencyPickerView.swift in Sources */,
                E26010040000000000000005 /* ExchangeRateService.swift in Sources */,
                A26010040000000000000101 /* ReceiptParser.swift in Sources */,
                A26010040000000000000102 /* ReceiptScanner.swift in Sources */,
                A26010040000000000000103 /* ReceiptImportView.swift in Sources */,
                A26010040000000000000201 /* ReceiptInterpreter.swift in Sources */,
                A26010040000000000000202 /* ReceiptEvidenceValidator.swift in Sources */,
				738B1C3825C661750067407B /* ExpenseView.swift in Sources */,
				73998C5525DA5578007D735B /* AttachmentHandler.swift in Sources */,
				AE4EB3D72D0A8E2C00F5A1EF /* HapticService.swift in Sources */,
				738B1C8425C6764B0067407B /* ExpenseDetailedViewModel.swift in Sources */,
				738B1C9025C680D20067407B /* AboutView.swift in Sources */,
				738B1C4F25C663180067407B /* DateExtension.swift in Sources */,
				738B1C5225C6632F0067407B /* HelperMethods.swift in Sources */,
				738B1C2425C65E060067407B /* Expenso.xcdatamodeld in Sources */,
				738B1C8B25C67D880067407B /* ExpenseFilterView.swift in Sources */,
				739DFF7B25DC1E3C005BD5C8 /* AuthenticateView.swift in Sources */,
				738B1C3325C660140067407B /* ExpenseCD.swift in Sources */,
				738B1C4325C6629D0067407B /* ColorExtension.swift in Sources */,
				738B1C4025C662890067407B /* InterFontModifier.swift in Sources */,
				738B1C3C25C662580067407B /* Models.swift in Sources */,
				753CBDD325F36864005762B8 /* BiometricAuthUtility.swift in Sources */,
				AE27EE522CEDFEB600D64ABD /* CapsuleButtonStyle.swift in Sources */,
				E26010040000000000000701 /* ExpenseChrome.swift in Sources */,
				738B1C7325C674320067407B /* ExpenseSettingsView.swift in Sources */,
				75C6B48025F37FD20079BCFC /* AuthenticationViewModel.swift in Sources */,
				738B1C4C25C663060067407B /* DismissKeyboard.swift in Sources */,
				738B1C4625C662D90067407B /* TextView.swift in Sources */,
				738B1C7B25C6752E0067407B /* AddExpenseViewModel.swift in Sources */,
				738B1C1825C65DFE0067407B /* ExpensoApp.swift in Sources */,
				738B1C6C25C673FC0067407B /* ExpenseCSVModel.swift in Sources */,
				738B1C4925C662F20067407B /* DropdownButton.swift in Sources */,
				738B1C7025C674120067407B /* ExpenseSettingsViewModel.swift in Sources */,
				AE27EE502CEDFADA00D64ABD /* BackgroundFrame.swift in Sources */,
				738B1C2F25C65EF70067407B /* Configs.swift in Sources */,
				73E688DA25FF32790000462A /* ChartView.swift in Sources */,
				738B1C7725C675200067407B /* AddExpenseView.swift in Sources */,
				738B1C8025C6763E0067407B /* ExpenseDetailedView.swift in Sources */,
			);
			runOnlyForDeploymentPostprocessing = 0;
		};
/* End PBXSourcesBuildPhase section */

/* Begin PBXTargetDependency section */
        A26100500000000000000011 /* UI Test Dependency */ = {isa = PBXTargetDependency; target = 738B1C1325C65DFE0067407B /* Expenso */; targetProxy = A26100500000000000000003 /* UI Test Target Proxy */; };
        F26010040000000000000032 /* PBXTargetDependency */ = {
            isa = PBXTargetDependency;
            target = 738B1C1325C65DFE0067407B /* Expenso */;
            targetProxy = F26010040000000000000031 /* PBXContainerItemProxy */;
        };
/* End PBXTargetDependency section */

/* Begin XCBuildConfiguration section */
        A26100500000000000000012 /* UI Debug */ = {
            isa = XCBuildConfiguration;
            buildSettings = {
                CODE_SIGN_STYLE = Automatic;
                DEVELOPMENT_TEAM = KTNPDHXXV3;
                GENERATE_INFOPLIST_FILE = YES;
                IPHONEOS_DEPLOYMENT_TARGET = 18.0;
                LD_RUNPATH_SEARCH_PATHS = ("$(inherited)", "@executable_path/Frameworks", "@loader_path/Frameworks");
                PRODUCT_BUNDLE_IDENTIFIER = com.expenso.ExpensoUITests;
                PRODUCT_NAME = "$(TARGET_NAME)";
                SDKROOT = iphoneos;
                SWIFT_VERSION = 5.0;
                TARGETED_DEVICE_FAMILY = "1,2";
                TEST_TARGET_NAME = Expenso;
            };
            name = Debug;
        };
        A26100500000000000000013 /* UI Release */ = {
            isa = XCBuildConfiguration;
            buildSettings = {
                CODE_SIGN_STYLE = Automatic;
                DEVELOPMENT_TEAM = KTNPDHXXV3;
                GENERATE_INFOPLIST_FILE = YES;
                IPHONEOS_DEPLOYMENT_TARGET = 18.0;
                LD_RUNPATH_SEARCH_PATHS = ("$(inherited)", "@executable_path/Frameworks", "@loader_path/Frameworks");
                PRODUCT_BUNDLE_IDENTIFIER = com.expenso.ExpensoUITests;
                PRODUCT_NAME = "$(TARGET_NAME)";
                SDKROOT = iphoneos;
                SWIFT_VERSION = 5.0;
                TARGETED_DEVICE_FAMILY = "1,2";
                TEST_TARGET_NAME = Expenso;
            };
            name = Release;
        };
        F26010040000000000000050 /* Debug */ = {
            isa = XCBuildConfiguration;
            buildSettings = {
                BUNDLE_LOADER = "$(TEST_HOST)";
                CODE_SIGN_STYLE = Automatic;
                DEVELOPMENT_TEAM = KTNPDHXXV3;
                GENERATE_INFOPLIST_FILE = YES;
                IPHONEOS_DEPLOYMENT_TARGET = 18.0;
                LD_RUNPATH_SEARCH_PATHS = ("$(inherited)", "@executable_path/Frameworks", "@loader_path/Frameworks");
                PRODUCT_BUNDLE_IDENTIFIER = com.expenso.ExpensoTests;
                PRODUCT_NAME = "$(TARGET_NAME)";
                SDKROOT = iphoneos;
                SWIFT_VERSION = 5.0;
                TARGETED_DEVICE_FAMILY = "1,2";
                TEST_HOST = "$(BUILT_PRODUCTS_DIR)/Expenso.app/Expenso";
            };
            name = Debug;
        };
        F26010040000000000000051 /* Release */ = {
            isa = XCBuildConfiguration;
            buildSettings = {
                BUNDLE_LOADER = "$(TEST_HOST)";
                CODE_SIGN_STYLE = Automatic;
                DEVELOPMENT_TEAM = KTNPDHXXV3;
                GENERATE_INFOPLIST_FILE = YES;
                IPHONEOS_DEPLOYMENT_TARGET = 18.0;
                LD_RUNPATH_SEARCH_PATHS = ("$(inherited)", "@executable_path/Frameworks", "@loader_path/Frameworks");
                PRODUCT_BUNDLE_IDENTIFIER = com.expenso.ExpensoTests;
                PRODUCT_NAME = "$(TARGET_NAME)";
                SDKROOT = iphoneos;
                SWIFT_VERSION = 5.0;
                TARGETED_DEVICE_FAMILY = "1,2";
                TEST_HOST = "$(BUILT_PRODUCTS_DIR)/Expenso.app/Expenso";
            };
            name = Release;
        };
		738B1C2625C65E060067407B /* Debug */ = {
			isa = XCBuildConfiguration;
			buildSettings = {
				ALWAYS_SEARCH_USER_PATHS = NO;
				CLANG_ANALYZER_NONNULL = YES;
				CLANG_ANALYZER_NUMBER_OBJECT_CONVERSION = YES_AGGRESSIVE;
				CLANG_CXX_LANGUAGE_STANDARD = "gnu++14";
				CLANG_CXX_LIBRARY = "libc++";
				CLANG_ENABLE_MODULES = YES;
				CLANG_ENABLE_OBJC_ARC = YES;
				CLANG_ENABLE_OBJC_WEAK = YES;
				CLANG_WARN_BLOCK_CAPTURE_AUTORELEASING = YES;
				CLANG_WARN_BOOL_CONVERSION = YES;
				CLANG_WARN_COMMA = YES;
				CLANG_WARN_CONSTANT_CONVERSION = YES;
				CLANG_WARN_DEPRECATED_OBJC_IMPLEMENTATIONS = YES;
				CLANG_WARN_DIRECT_OBJC_ISA_USAGE = YES_ERROR;
				CLANG_WARN_DOCUMENTATION_COMMENTS = YES;
				CLANG_WARN_EMPTY_BODY = YES;
				CLANG_WARN_ENUM_CONVERSION = YES;
				CLANG_WARN_INFINITE_RECURSION = YES;
				CLANG_WARN_INT_CONVERSION = YES;
				CLANG_WARN_NON_LITERAL_NULL_CONVERSION = YES;
				CLANG_WARN_OBJC_IMPLICIT_RETAIN_SELF = YES;
				CLANG_WARN_OBJC_LITERAL_CONVERSION = YES;
				CLANG_WARN_OBJC_ROOT_CLASS = YES_ERROR;
				CLANG_WARN_QUOTED_INCLUDE_IN_FRAMEWORK_HEADER = YES;
				CLANG_WARN_RANGE_LOOP_ANALYSIS = YES;
				CLANG_WARN_STRICT_PROTOTYPES = YES;
				CLANG_WARN_SUSPICIOUS_MOVE = YES;
				CLANG_WARN_UNGUARDED_AVAILABILITY = YES_AGGRESSIVE;
				CLANG_WARN_UNREACHABLE_CODE = YES;
				CLANG_WARN__DUPLICATE_METHOD_MATCH = YES;
				COPY_PHASE_STRIP = NO;
				DEBUG_INFORMATION_FORMAT = dwarf;
				ENABLE_STRICT_OBJC_MSGSEND = YES;
				ENABLE_TESTABILITY = YES;
				GCC_C_LANGUAGE_STANDARD = gnu11;
				GCC_DYNAMIC_NO_PIC = NO;
				GCC_NO_COMMON_BLOCKS = YES;
				GCC_OPTIMIZATION_LEVEL = 0;
				GCC_PREPROCESSOR_DEFINITIONS = (
					"DEBUG=1",
					"$(inherited)",
				);
				GCC_WARN_64_TO_32_BIT_CONVERSION = YES;
				GCC_WARN_ABOUT_RETURN_TYPE = YES_ERROR;
				GCC_WARN_UNDECLARED_SELECTOR = YES;
				GCC_WARN_UNINITIALIZED_AUTOS = YES_AGGRESSIVE;
				GCC_WARN_UNUSED_FUNCTION = YES;
				GCC_WARN_UNUSED_VARIABLE = YES;
				IPHONEOS_DEPLOYMENT_TARGET = 14.2;
				MTL_ENABLE_DEBUG_INFO = INCLUDE_SOURCE;
				MTL_FAST_MATH = YES;
				ONLY_ACTIVE_ARCH = YES;
				SDKROOT = iphoneos;
				SWIFT_ACTIVE_COMPILATION_CONDITIONS = DEBUG;
				SWIFT_OPTIMIZATION_LEVEL = "-Onone";
			};
			name = Debug;
		};
		738B1C2725C65E060067407B /* Release */ = {
			isa = XCBuildConfiguration;
			buildSettings = {
				ALWAYS_SEARCH_USER_PATHS = NO;
				CLANG_ANALYZER_NONNULL = YES;
				CLANG_ANALYZER_NUMBER_OBJECT_CONVERSION = YES_AGGRESSIVE;
				CLANG_CXX_LANGUAGE_STANDARD = "gnu++14";
				CLANG_CXX_LIBRARY = "libc++";
				CLANG_ENABLE_MODULES = YES;
				CLANG_ENABLE_OBJC_ARC = YES;
				CLANG_ENABLE_OBJC_WEAK = YES;
				CLANG_WARN_BLOCK_CAPTURE_AUTORELEASING = YES;
				CLANG_WARN_BOOL_CONVERSION = YES;
				CLANG_WARN_COMMA = YES;
				CLANG_WARN_CONSTANT_CONVERSION = YES;
				CLANG_WARN_DEPRECATED_OBJC_IMPLEMENTATIONS = YES;
				CLANG_WARN_DIRECT_OBJC_ISA_USAGE = YES_ERROR;
				CLANG_WARN_DOCUMENTATION_COMMENTS = YES;
				CLANG_WARN_EMPTY_BODY = YES;
				CLANG_WARN_ENUM_CONVERSION = YES;
				CLANG_WARN_INFINITE_RECURSION = YES;
				CLANG_WARN_INT_CONVERSION = YES;
				CLANG_WARN_NON_LITERAL_NULL_CONVERSION = YES;
				CLANG_WARN_OBJC_IMPLICIT_RETAIN_SELF = YES;
				CLANG_WARN_OBJC_LITERAL_CONVERSION = YES;
				CLANG_WARN_OBJC_ROOT_CLASS = YES_ERROR;
				CLANG_WARN_QUOTED_INCLUDE_IN_FRAMEWORK_HEADER = YES;
				CLANG_WARN_RANGE_LOOP_ANALYSIS = YES;
				CLANG_WARN_STRICT_PROTOTYPES = YES;
				CLANG_WARN_SUSPICIOUS_MOVE = YES;
				CLANG_WARN_UNGUARDED_AVAILABILITY = YES_AGGRESSIVE;
				CLANG_WARN_UNREACHABLE_CODE = YES;
				CLANG_WARN__DUPLICATE_METHOD_MATCH = YES;
				COPY_PHASE_STRIP = NO;
				DEBUG_INFORMATION_FORMAT = "dwarf-with-dsym";
				ENABLE_NS_ASSERTIONS = NO;
				ENABLE_STRICT_OBJC_MSGSEND = YES;
				GCC_C_LANGUAGE_STANDARD = gnu11;
				GCC_NO_COMMON_BLOCKS = YES;
				GCC_WARN_64_TO_32_BIT_CONVERSION = YES;
				GCC_WARN_ABOUT_RETURN_TYPE = YES_ERROR;
				GCC_WARN_UNDECLARED_SELECTOR = YES;
				GCC_WARN_UNINITIALIZED_AUTOS = YES_AGGRESSIVE;
				GCC_WARN_UNUSED_FUNCTION = YES;
				GCC_WARN_UNUSED_VARIABLE = YES;
				IPHONEOS_DEPLOYMENT_TARGET = 14.2;
				MTL_ENABLE_DEBUG_INFO = NO;
				MTL_FAST_MATH = YES;
				SDKROOT = iphoneos;
				SWIFT_COMPILATION_MODE = wholemodule;
				SWIFT_OPTIMIZATION_LEVEL = "-O";
				VALIDATE_PRODUCT = YES;
			};
			name = Release;
		};
		738B1C2925C65E060067407B /* Debug */ = {
			isa = XCBuildConfiguration;
			buildSettings = {
				ASSETCATALOG_COMPILER_APPICON_NAME = icon;
				ASSETCATALOG_COMPILER_GLOBAL_ACCENT_COLOR_NAME = AccentColor;
				CODE_SIGN_STYLE = Automatic;
				DEVELOPMENT_ASSET_PATHS = "\"Expenso/Preview Content\"";
				DEVELOPMENT_TEAM = KTNPDHXXV3;
				ENABLE_PREVIEWS = YES;
				INFOPLIST_FILE = Expenso/Info.plist;
				INFOPLIST_KEY_CFBundleDisplayName = xpense;
				IPHONEOS_DEPLOYMENT_TARGET = 18.0;
				LD_RUNPATH_SEARCH_PATHS = (
					"$(inherited)",
					"@executable_path/Frameworks",
				);
				MARKETING_VERSION = 1.0.1;
				EXPENSO_APP_BUNDLE_ID = com.expenso.Expenso;
				PRODUCT_BUNDLE_IDENTIFIER = "$(EXPENSO_APP_BUNDLE_ID)";
				PRODUCT_NAME = "$(TARGET_NAME)";
				SWIFT_VERSION = 5.0;
				TARGETED_DEVICE_FAMILY = "1,2";
			};
			name = Debug;
		};
		738B1C2A25C65E060067407B /* Release */ = {
			isa = XCBuildConfiguration;
			buildSettings = {
				ASSETCATALOG_COMPILER_APPICON_NAME = icon;
				ASSETCATALOG_COMPILER_GLOBAL_ACCENT_COLOR_NAME = AccentColor;
				CODE_SIGN_STYLE = Automatic;
				DEVELOPMENT_ASSET_PATHS = "\"Expenso/Preview Content\"";
				DEVELOPMENT_TEAM = KTNPDHXXV3;
				ENABLE_PREVIEWS = YES;
				INFOPLIST_FILE = Expenso/Info.plist;
				INFOPLIST_KEY_CFBundleDisplayName = xpense;
				IPHONEOS_DEPLOYMENT_TARGET = 18.0;
				LD_RUNPATH_SEARCH_PATHS = (
					"$(inherited)",
					"@executable_path/Frameworks",
				);
				MARKETING_VERSION = 1.0.1;
				EXPENSO_APP_BUNDLE_ID = com.expenso.Expenso;
				PRODUCT_BUNDLE_IDENTIFIER = "$(EXPENSO_APP_BUNDLE_ID)";
				PRODUCT_NAME = "$(TARGET_NAME)";
				SWIFT_VERSION = 5.0;
				TARGETED_DEVICE_FAMILY = "1,2";
			};
			name = Release;
		};
/* End XCBuildConfiguration section */

/* Begin XCConfigurationList section */
        A26100500000000000000008 /* UI Test Configurations */ = {isa = XCConfigurationList; buildConfigurations = (A26100500000000000000012 /* UI Debug */, A26100500000000000000013 /* UI Release */); defaultConfigurationIsVisible = 0; defaultConfigurationName = Release; };
        F26010040000000000000052 /* Build configuration list for PBXNativeTarget "ExpensoTests" */ = {
            isa = XCConfigurationList;
            buildConfigurations = (F26010040000000000000050 /* Debug */, F26010040000000000000051 /* Release */);
            defaultConfigurationIsVisible = 0;
            defaultConfigurationName = Release;
        };
		738B1C0F25C65DFE0067407B /* Build configuration list for PBXProject "Expenso" */ = {
			isa = XCConfigurationList;
			buildConfigurations = (
				738B1C2625C65E060067407B /* Debug */,
				738B1C2725C65E060067407B /* Release */,
			);
			defaultConfigurationIsVisible = 0;
			defaultConfigurationName = Release;
		};
		738B1C2825C65E060067407B /* Build configuration list for PBXNativeTarget "Expenso" */ = {
			isa = XCConfigurationList;
			buildConfigurations = (
				738B1C2925C65E060067407B /* Debug */,
				738B1C2A25C65E060067407B /* Release */,
			);
			defaultConfigurationIsVisible = 0;
			defaultConfigurationName = Release;
		};
/* End XCConfigurationList section */

/* Begin XCRemoteSwiftPackageReference section */
		AE4EB3D22D08917700F5A1EF /* XCRemoteSwiftPackageReference "FluidGradient" */ = {
			isa = XCRemoteSwiftPackageReference;
			repositoryURL = "https://github.com/Cindori/FluidGradient.git";
			requirement = {
				kind = upToNextMajorVersion;
				minimumVersion = 1.0.0;
			};
		};
		AEEF1D7B2CEDE2330059F63B /* XCRemoteSwiftPackageReference "Pow" */ = {
			isa = XCRemoteSwiftPackageReference;
			repositoryURL = "https://github.com/EmergeTools/Pow.git";
			requirement = {
				kind = upToNextMajorVersion;
				minimumVersion = 1.0.6;
			};
		};
		AEEF1D7E2CEDE7CC0059F63B /* XCRemoteSwiftPackageReference "lottie-ios" */ = {
			isa = XCRemoteSwiftPackageReference;
			repositoryURL = "https://github.com/airbnb/lottie-ios.git";
			requirement = {
				kind = upToNextMajorVersion;
				minimumVersion = 4.5.0;
			};
		};
		AEEF1D862CEDECEF0059F63B /* XCRemoteSwiftPackageReference "lottie-ios" */ = {
			isa = XCRemoteSwiftPackageReference;
			repositoryURL = "https://github.com/airbnb/lottie-ios.git";
			requirement = {
				kind = upToNextMajorVersion;
				minimumVersion = 4.5.0;
			};
		};
		AEEF1D892CEDEDD00059F63B /* XCRemoteSwiftPackageReference "ExtraLottie" */ = {
			isa = XCRemoteSwiftPackageReference;
			repositoryURL = "https://github.com/kingkej/ExtraLottie.git";
			requirement = {
				kind = upToNextMajorVersion;
				minimumVersion = 1.0.0;
			};
		};
/* End XCRemoteSwiftPackageReference section */

/* Begin XCSwiftPackageProductDependency section */
		AE4EB3D32D08917700F5A1EF /* FluidGradient */ = {
			isa = XCSwiftPackageProductDependency;
			package = AE4EB3D22D08917700F5A1EF /* XCRemoteSwiftPackageReference "FluidGradient" */;
			productName = FluidGradient;
		};
		AEEF1D7C2CEDE2330059F63B /* Pow */ = {
			isa = XCSwiftPackageProductDependency;
			package = AEEF1D7B2CEDE2330059F63B /* XCRemoteSwiftPackageReference "Pow" */;
			productName = Pow;
		};
		AEEF1D7F2CEDE7CC0059F63B /* Lottie */ = {
			isa = XCSwiftPackageProductDependency;
			package = AEEF1D7E2CEDE7CC0059F63B /* XCRemoteSwiftPackageReference "lottie-ios" */;
			productName = Lottie;
		};
		AEEF1D872CEDECEF0059F63B /* Lottie */ = {
			isa = XCSwiftPackageProductDependency;
			package = AEEF1D862CEDECEF0059F63B /* XCRemoteSwiftPackageReference "lottie-ios" */;
			productName = Lottie;
		};
		AEEF1D8A2CEDEDD00059F63B /* ExtraLottie */ = {
			isa = XCSwiftPackageProductDependency;
			package = AEEF1D892CEDEDD00059F63B /* XCRemoteSwiftPackageReference "ExtraLottie" */;
			productName = ExtraLottie;
		};
/* End XCSwiftPackageProductDependency section */

/* Begin XCVersionGroup section */
		738B1C2225C65E060067407B /* Expenso.xcdatamodeld */ = {
			isa = XCVersionGroup;
			children = (
				E26010040000000000000016 /* ExpensoV2.xcdatamodel */,
				738B1C2325C65E060067407B /* Expenso.xcdatamodel */,
			);
			currentVersion = E26010040000000000000016 /* ExpensoV2.xcdatamodel */;
			path = Expenso.xcdatamodeld;
			sourceTree = "<group>";
			versionGroupType = wrapper.xcdatamodel;
		};
/* End XCVersionGroup section */
	};
	rootObject = 738B1C0C25C65DFE0067407B /* Project object */;
}
