{
  "originHash" : "a09dcbc3d9c0d915bff833712f97ae947b03856cf366882f7339d8a939ddcbe7",
  "pins" : [
    {
      "identity" : "extralottie",
      "kind" : "remoteSourceControl",
      "location" : "https://github.com/kingkej/ExtraLottie.git",
      "state" : {
        "revision" : "22067760fb1541917ddbcad7e10800ae70823792",
        "version" : "1.0.0"
      }
    },
    {
      "identity" : "fluidgradient",
      "kind" : "remoteSourceControl",
      "location" : "https://github.com/Cindori/FluidGradient.git",
      "state" : {
        "revision" : "9ddda4cf23671ef0228e88681ec6210cb3e0d7f7",
        "version" : "1.0.0"
      }
    },
    {
      "identity" : "lottie-ios",
      "kind" : "remoteSourceControl",
      "location" : "https://github.com/airbnb/lottie-ios.git",
      "state" : {
        "revision" : "b4bd0604ded9574807f41b4004b57dd1226a30a4",
        "version" : "3.5.0"
      }
    },
    {
      "identity" : "pow",
      "kind" : "remoteSourceControl",
      "location" : "https://github.com/EmergeTools/Pow.git",
      "state" : {
        "revision" : "a504eb6d144bcf49f4f33029a2795345cb39e6b4",
        "version" : "1.0.5"
      }
    }
  ],
  "version" : 3
}
