{
  "originHash" : "3be607ae29d9d764c1897a29befb7fb307af1dfe229bb7bd1d44477b0cbbee88",
  "pins" : [
    {
      "identity" : "extralottie",
      "kind" : "remoteSourceControl",
      "location" : "https://github.com/kingkej/ExtraLottie.git",
      "state" : {
        "revision" : "22067760fb1541917ddbcad7e10800ae70823792",
        "version" : "1.0.0"
      }
    },
    {
      "identity" : "fluidgradient",
      "kind" : "remoteSourceControl",
      "location" : "https://github.com/Cindori/FluidGradient.git",
      "state" : {
        "revision" : "9ddda4cf23671ef0228e88681ec6210cb3e0d7f7",
        "version" : "1.0.0"
      }
    },
    {
      "identity" : "lottie-ios",
      "kind" : "remoteSourceControl",
      "location" : "https://github.com/airbnb/lottie-ios.git",
      "state" : {
        "revision" : "b4bd0604ded9574807f41b4004b57dd1226a30a4",
        "version" : "3.5.0"
      }
    },
    {
      "identity" : "pow",
      "kind" : "remoteSourceControl",
      "location" : "https://github.com/EmergeTools/Pow.git",
      "state" : {
        "revision" : "1b4b1dda28c50b95f0872927ee2226fe8b58950e",
        "version" : "1.0.6"
      }
    }
  ],
  "version" : 3
}
